{
  "originHash" : "15cdf879ea57c24d6d865c9e672380d9d5e8236f60a0ff1439f4fe08324266e6",
  "pins" : [
    {
      "identity" : "swift-syntax",
      "kind" : "remoteSourceControl",
      "location" : "https://github.com/apple/swift-syntax.git",
      "state" : {
        "revision" : "fd6373fad9cf3b3bc4e3c06d92f0cfd60007fa8e",
        "version" : "602.0.0-prerelease-2025-06-26"
      }
    }
  ],
  "version" : 3
}
