// !$*UTF8*$!
{
	archiveVersion = 1;
	classes = {
	};
	objectVersion = 56;
	objects = {

/* Begin PBXBuildFile section */
		AF2374192D19CE9A008CB633 /* AIProxy in Frameworks */ = {isa = PBXBuildFile; productRef = AF2374182D19CE9A008CB633 /* AIProxy */; };
		AF23741B2D19CE9D008CB633 /* llama in Frameworks */ = {isa = PBXBuildFile; productRef = AF23741A2D19CE9D008CB633 /* llama */; };
		AF2374212D1A29EC008CB633 /* LocalLLMModel.swift in Sources */ = {isa = PBXBuildFile; fileRef = AF2374202D1A29EC008CB633 /* LocalLLMModel.swift */; };
		AF2374232D1A2A12008CB633 /* LocalLLMView.swift in Sources */ = {isa = PBXBuildFile; fileRef = AF2374222D1A2A12008CB633 /* LocalLLMView.swift */; };
		AF2374262D1A2C48008CB633 /* MLX in Frameworks */ = {isa = PBXBuildFile; productRef = AF2374252D1A2C48008CB633 /* MLX */; };
		AF2374282D1A2E05008CB633 /* MLXFast in Frameworks */ = {isa = PBXBuildFile; productRef = AF2374272D1A2E05008CB633 /* MLXFast */; };
		AF23742A2D1A2E05008CB633 /* MLXFFT in Frameworks */ = {isa = PBXBuildFile; productRef = AF2374292D1A2E05008CB633 /* MLXFFT */; };
		AF23742C2D1A2E05008CB633 /* MLXLinalg in Frameworks */ = {isa = PBXBuildFile; productRef = AF23742B2D1A2E05008CB633 /* MLXLinalg */; };
		AF23742E2D1A2E05008CB633 /* MLXNN in Frameworks */ = {isa = PBXBuildFile; productRef = AF23742D2D1A2E05008CB633 /* MLXNN */; };
		AF2374302D1A2E05008CB633 /* MLXOptimizers in Frameworks */ = {isa = PBXBuildFile; productRef = AF23742F2D1A2E05008CB633 /* MLXOptimizers */; };
		AF2374322D1A2E05008CB633 /* MLXRandom in Frameworks */ = {isa = PBXBuildFile; productRef = AF2374312D1A2E05008CB633 /* MLXRandom */; };
		AF2374352D1B4E28008CB633 /* MLXLLM in Frameworks */ = {isa = PBXBuildFile; productRef = AF2374342D1B4E28008CB633 /* MLXLLM */; };
		AF2374372D1B4E28008CB633 /* MLXLMCommon in Frameworks */ = {isa = PBXBuildFile; productRef = AF2374362D1B4E28008CB633 /* MLXLMCommon */; };
		AF2374392D1B4E28008CB633 /* MLXMNIST in Frameworks */ = {isa = PBXBuildFile; productRef = AF2374382D1B4E28008CB633 /* MLXMNIST */; };
		AF23743B2D1B4E28008CB633 /* MLXVLM in Frameworks */ = {isa = PBXBuildFile; productRef = AF23743A2D1B4E28008CB633 /* MLXVLM */; };
		AF23743D2D1B4E28008CB633 /* StableDiffusion in Frameworks */ = {isa = PBXBuildFile; productRef = AF23743C2D1B4E28008CB633 /* StableDiffusion */; };
		AF2615722D06DA51006EBAE5 /* With_OpenAIApp.swift in Sources */ = {isa = PBXBuildFile; fileRef = AF80580A2CFFDADC00FF6FFE /* With_OpenAIApp.swift */; };
		AF80580D2CFFDADC00FF6FFE /* ContentView.swift in Sources */ = {isa = PBXBuildFile; fileRef = AF80580C2CFFDADC00FF6FFE /* ContentView.swift */; };
		AF80580F2CFFDADD00FF6FFE /* Assets.xcassets in Resources */ = {isa = PBXBuildFile; fileRef = AF80580E2CFFDADD00FF6FFE /* Assets.xcassets */; };
		AF8058122CFFDADD00FF6FFE /* Preview Assets.xcassets in Resources */ = {isa = PBXBuildFile; fileRef = AF8058112CFFDADD00FF6FFE /* Preview Assets.xcassets */; };
		AFE1E73B2CFFDBE90081B66E /* ImageView.swift in Sources */ = {isa = PBXBuildFile; fileRef = AFE1E73A2CFFDBE90081B66E /* ImageView.swift */; };
		AFE1E73D2CFFDC190081B66E /* ImageModel.swift in Sources */ = {isa = PBXBuildFile; fileRef = AFE1E73C2CFFDC190081B66E /* ImageModel.swift */; };
		AFE1E7402CFFDC730081B66E /* OpenAIKit in Frameworks */ = {isa = PBXBuildFile; productRef = AFE1E73F2CFFDC730081B66E /* OpenAIKit */; };
		AFE1E7422CFFDC920081B66E /* config.swift in Sources */ = {isa = PBXBuildFile; fileRef = AFE1E7412CFFDC920081B66E /* config.swift */; };
		AFE1E7442CFFE2AF0081B66E /* NotificationView.swift in Sources */ = {isa = PBXBuildFile; fileRef = AFE1E7432CFFE2AF0081B66E /* NotificationView.swift */; };
		AFE1E7462CFFE2C20081B66E /* NotificationModel.swift in Sources */ = {isa = PBXBuildFile; fileRef = AFE1E7452CFFE2C20081B66E /* NotificationModel.swift */; };
		AFE1E7482CFFEB7D0081B66E /* ExampleChatModel.swift in Sources */ = {isa = PBXBuildFile; fileRef = AFE1E7472CFFEB7D0081B66E /* ExampleChatModel.swift */; };
		AFE1E74A2CFFED320081B66E /* HeartWarmingChatView.swift in Sources */ = {isa = PBXBuildFile; fileRef = AFE1E7492CFFED320081B66E /* HeartWarmingChatView.swift */; };
		AFE1E74C2D001E5F0081B66E /* HeartWarmingChatModel.swift in Sources */ = {isa = PBXBuildFile; fileRef = AFE1E74B2D001E5F0081B66E /* HeartWarmingChatModel.swift */; };
/* End PBXBuildFile section */

/* Begin PBXFileReference section */
		AF2374202D1A29EC008CB633 /* LocalLLMModel.swift */ = {isa = PBXFileReference; lastKnownFileType = sourcecode.swift; path = LocalLLMModel.swift; sourceTree = "<group>"; };
		AF2374222D1A2A12008CB633 /* LocalLLMView.swift */ = {isa = PBXFileReference; lastKnownFileType = sourcecode.swift; path = LocalLLMView.swift; sourceTree = "<group>"; };
		AF5816092D024BA000D7A3C6 /* Info.plist */ = {isa = PBXFileReference; fileEncoding = 4; lastKnownFileType = text.plist.xml; path = Info.plist; sourceTree = "<group>"; };
		AF58160B2D024CC400D7A3C6 /* 120.png */ = {isa = PBXFileReference; lastKnownFileType = image.png; path = 120.png; sourceTree = "<group>"; };
		AF8058072CFFDADC00FF6FFE /* With-OpenAI.app */ = {isa = PBXFileReference; explicitFileType = wrapper.application; includeInIndex = 0; path = "With-OpenAI.app"; sourceTree = BUILT_PRODUCTS_DIR; };
		AF80580A2CFFDADC00FF6FFE /* With_OpenAIApp.swift */ = {isa = PBXFileReference; lastKnownFileType = sourcecode.swift; path = With_OpenAIApp.swift; sourceTree = "<group>"; };
		AF80580C2CFFDADC00FF6FFE /* ContentView.swift */ = {isa = PBXFileReference; lastKnownFileType = sourcecode.swift; path = ContentView.swift; sourceTree = "<group>"; };
		AF80580E2CFFDADD00FF6FFE /* Assets.xcassets */ = {isa = PBXFileReference; lastKnownFileType = folder.assetcatalog; path = Assets.xcassets; sourceTree = "<group>"; };
		AF8058112CFFDADD00FF6FFE /* Preview Assets.xcassets */ = {isa = PBXFileReference; lastKnownFileType = folder.assetcatalog; path = "Preview Assets.xcassets"; sourceTree = "<group>"; };
		AFE1E73A2CFFDBE90081B66E /* ImageView.swift */ = {isa = PBXFileReference; lastKnownFileType = sourcecode.swift; path = ImageView.swift; sourceTree = "<group>"; };
		AFE1E73C2CFFDC190081B66E /* ImageModel.swift */ = {isa = PBXFileReference; lastKnownFileType = sourcecode.swift; path = ImageModel.swift; sourceTree = "<group>"; };
		AFE1E7412CFFDC920081B66E /* config.swift */ = {isa = PBXFileReference; lastKnownFileType = sourcecode.swift; path = config.swift; sourceTree = "<group>"; };
		AFE1E7432CFFE2AF0081B66E /* NotificationView.swift */ = {isa = PBXFileReference; lastKnownFileType = sourcecode.swift; path = NotificationView.swift; sourceTree = "<group>"; };
		AFE1E7452CFFE2C20081B66E /* NotificationModel.swift */ = {isa = PBXFileReference; lastKnownFileType = sourcecode.swift; path = NotificationModel.swift; sourceTree = "<group>"; };
		AFE1E7472CFFEB7D0081B66E /* ExampleChatModel.swift */ = {isa = PBXFileReference; lastKnownFileType = sourcecode.swift; path = ExampleChatModel.swift; sourceTree = "<group>"; };
		AFE1E7492CFFED320081B66E /* HeartWarmingChatView.swift */ = {isa = PBXFileReference; lastKnownFileType = sourcecode.swift; path = HeartWarmingChatView.swift; sourceTree = "<group>"; };
		AFE1E74B2D001E5F0081B66E /* HeartWarmingChatModel.swift */ = {isa = PBXFileReference; lastKnownFileType = sourcecode.swift; path = HeartWarmingChatModel.swift; sourceTree = "<group>"; };
		AFE1E74D2D002C120081B66E /* With-OpenAI.entitlements */ = {isa = PBXFileReference; lastKnownFileType = text.plist.entitlements; path = "With-OpenAI.entitlements"; sourceTree = "<group>"; };
/* End PBXFileReference section */

/* Begin PBXFrameworksBuildPhase section */
		AF8058042CFFDADC00FF6FFE /* Frameworks */ = {
			isa = PBXFrameworksBuildPhase;
			buildActionMask = 2147483647;
			files = (
				AF2374262D1A2C48008CB633 /* MLX in Frameworks */,
				AF23742C2D1A2E05008CB633 /* MLXLinalg in Frameworks */,
				AF23742E2D1A2E05008CB633 /* MLXNN in Frameworks */,
				AF2374322D1A2E05008CB633 /* MLXRandom in Frameworks */,
				AF23743D2D1B4E28008CB633 /* StableDiffusion in Frameworks */,
				AF2374392D1B4E28008CB633 /* MLXMNIST in Frameworks */,
				AF23741B2D19CE9D008CB633 /* llama in Frameworks */,
				AFE1E7402CFFDC730081B66E /* OpenAIKit in Frameworks */,
				AF2374282D1A2E05008CB633 /* MLXFast in Frameworks */,
				AF2374302D1A2E05008CB633 /* MLXOptimizers in Frameworks */,
				AF2374192D19CE9A008CB633 /* AIProxy in Frameworks */,
				AF23743B2D1B4E28008CB633 /* MLXVLM in Frameworks */,
				AF2374352D1B4E28008CB633 /* MLXLLM in Frameworks */,
				AF2374372D1B4E28008CB633 /* MLXLMCommon in Frameworks */,
				AF23742A2D1A2E05008CB633 /* MLXFFT in Frameworks */,
			);
			runOnlyForDeploymentPostprocessing = 0;
		};
/* End PBXFrameworksBuildPhase section */

/* Begin PBXGroup section */
		AF2374172D19CE9A008CB633 /* Frameworks */ = {
			isa = PBXGroup;
			children = (
			);
			name = Frameworks;
			sourceTree = "<group>";
		};
		AF8057FE2CFFDADC00FF6FFE = {
			isa = PBXGroup;
			children = (
				AF8058092CFFDADC00FF6FFE /* With-OpenAI */,
				AF8058082CFFDADC00FF6FFE /* Products */,
				AF2374172D19CE9A008CB633 /* Frameworks */,
			);
			sourceTree = "<group>";
		};
		AF8058082CFFDADC00FF6FFE /* Products */ = {
			isa = PBXGroup;
			children = (
				AF8058072CFFDADC00FF6FFE /* With-OpenAI.app */,
			);
			name = Products;
			sourceTree = "<group>";
		};
		AF8058092CFFDADC00FF6FFE /* With-OpenAI */ = {
			isa = PBXGroup;
			children = (
				AF58160B2D024CC400D7A3C6 /* 120.png */,
				AF5816092D024BA000D7A3C6 /* Info.plist */,
				AF80580E2CFFDADD00FF6FFE /* Assets.xcassets */,
				AF8058112CFFDADD00FF6FFE /* Preview Assets.xcassets */,
				AFE1E74D2D002C120081B66E /* With-OpenAI.entitlements */,
				AFE1E7382CFFDBC90081B66E /* View */,
				AFE1E7392CFFDBCE0081B66E /* Model */,
			);
			path = "With-OpenAI";
			sourceTree = "<group>";
		};
		AFE1E7382CFFDBC90081B66E /* View */ = {
			isa = PBXGroup;
			children = (
				AF80580A2CFFDADC00FF6FFE /* With_OpenAIApp.swift */,
				AF80580C2CFFDADC00FF6FFE /* ContentView.swift */,
				AFE1E73A2CFFDBE90081B66E /* ImageView.swift */,
				AFE1E7432CFFE2AF0081B66E /* NotificationView.swift */,
				AFE1E7492CFFED320081B66E /* HeartWarmingChatView.swift */,
				AF2374222D1A2A12008CB633 /* LocalLLMView.swift */,
			);
			name = View;
			sourceTree = "<group>";
		};
		AFE1E7392CFFDBCE0081B66E /* Model */ = {
			isa = PBXGroup;
			children = (
				AFE1E7412CFFDC920081B66E /* config.swift */,
				AFE1E73C2CFFDC190081B66E /* ImageModel.swift */,
				AFE1E7452CFFE2C20081B66E /* NotificationModel.swift */,
				AFE1E7472CFFEB7D0081B66E /* ExampleChatModel.swift */,
				AFE1E74B2D001E5F0081B66E /* HeartWarmingChatModel.swift */,
				AF2374202D1A29EC008CB633 /* LocalLLMModel.swift */,
			);
			name = Model;
			sourceTree = "<group>";
		};
/* End PBXGroup section */

/* Begin PBXNativeTarget section */
		AF8058062CFFDADC00FF6FFE /* With-OpenAI */ = {
			isa = PBXNativeTarget;
			buildConfigurationList = AF8058152CFFDADD00FF6FFE /* Build configuration list for PBXNativeTarget "With-OpenAI" */;
			buildPhases = (
				AF8058032CFFDADC00FF6FFE /* Sources */,
				AF8058042CFFDADC00FF6FFE /* Frameworks */,
				AF8058052CFFDADC00FF6FFE /* Resources */,
			);
			buildRules = (
			);
			dependencies = (
			);
			name = "With-OpenAI";
			packageProductDependencies = (
				AFE1E73F2CFFDC730081B66E /* OpenAIKit */,
				AF2374182D19CE9A008CB633 /* AIProxy */,
				AF23741A2D19CE9D008CB633 /* llama */,
				AF2374252D1A2C48008CB633 /* MLX */,
				AF2374272D1A2E05008CB633 /* MLXFast */,
				AF2374292D1A2E05008CB633 /* MLXFFT */,
				AF23742B2D1A2E05008CB633 /* MLXLinalg */,
				AF23742D2D1A2E05008CB633 /* MLXNN */,
				AF23742F2D1A2E05008CB633 /* MLXOptimizers */,
				AF2374312D1A2E05008CB633 /* MLXRandom */,
				AF2374342D1B4E28008CB633 /* MLXLLM */,
				AF2374362D1B4E28008CB633 /* MLXLMCommon */,
				AF2374382D1B4E28008CB633 /* MLXMNIST */,
				AF23743A2D1B4E28008CB633 /* MLXVLM */,
				AF23743C2D1B4E28008CB633 /* StableDiffusion */,
			);
			productName = "With-OpenAI";
			productReference = AF8058072CFFDADC00FF6FFE /* With-OpenAI.app */;
			productType = "com.apple.product-type.application";
		};
/* End PBXNativeTarget section */

/* Begin PBXProject section */
		AF8057FF2CFFDADC00FF6FFE /* Project object */ = {
			isa = PBXProject;
			attributes = {
				BuildIndependentTargetsInParallel = 1;
				LastSwiftUpdateCheck = 1540;
				LastUpgradeCheck = 1540;
				TargetAttributes = {
					AF8058062CFFDADC00FF6FFE = {
						CreatedOnToolsVersion = 15.4;
					};
				};
			};
			buildConfigurationList = AF8058022CFFDADC00FF6FFE /* Build configuration list for PBXProject "With-OpenAI" */;
			compatibilityVersion = "Xcode 14.0";
			developmentRegion = en;
			hasScannedForEncodings = 0;
			knownRegions = (
				en,
				Base,
			);
			mainGroup = AF8057FE2CFFDADC00FF6FFE;
			packageReferences = (
				AFE1E73E2CFFDC730081B66E /* XCRemoteSwiftPackageReference "OpenAIKit" */,
				AFD8C9BA2D08F8EF00D1EB5E /* XCRemoteSwiftPackageReference "AIProxySwift" */,
				AFD8C9D72D090AC200D1EB5E /* XCRemoteSwiftPackageReference "llama" */,
				AF2374242D1A2C3C008CB633 /* XCRemoteSwiftPackageReference "mlx-swift" */,
				AF2374332D1B4DE8008CB633 /* XCRemoteSwiftPackageReference "mlx-swift-examples" */,
			);
			productRefGroup = AF8058082CFFDADC00FF6FFE /* Products */;
			projectDirPath = "";
			projectRoot = "";
			targets = (
				AF8058062CFFDADC00FF6FFE /* With-OpenAI */,
			);
		};
/* End PBXProject section */

/* Begin PBXResourcesBuildPhase section */
		AF8058052CFFDADC00FF6FFE /* Resources */ = {
			isa = PBXResourcesBuildPhase;
			buildActionMask = 2147483647;
			files = (
				AF8058122CFFDADD00FF6FFE /* Preview Assets.xcassets in Resources */,
				AF80580F2CFFDADD00FF6FFE /* Assets.xcassets in Resources */,
			);
			runOnlyForDeploymentPostprocessing = 0;
		};
/* End PBXResourcesBuildPhase section */

/* Begin PBXSourcesBuildPhase section */
		AF8058032CFFDADC00FF6FFE /* Sources */ = {
			isa = PBXSourcesBuildPhase;
			buildActionMask = 2147483647;
			files = (
				AF2374232D1A2A12008CB633 /* LocalLLMView.swift in Sources */,
				AFE1E7462CFFE2C20081B66E /* NotificationModel.swift in Sources */,
				AFE1E74A2CFFED320081B66E /* HeartWarmingChatView.swift in Sources */,
				AFE1E73B2CFFDBE90081B66E /* ImageView.swift in Sources */,
				AF80580D2CFFDADC00FF6FFE /* ContentView.swift in Sources */,
				AFE1E7422CFFDC920081B66E /* config.swift in Sources */,
				AFE1E73D2CFFDC190081B66E /* ImageModel.swift in Sources */,
				AFE1E7482CFFEB7D0081B66E /* ExampleChatModel.swift in Sources */,
				AF2615722D06DA51006EBAE5 /* With_OpenAIApp.swift in Sources */,
				AFE1E74C2D001E5F0081B66E /* HeartWarmingChatModel.swift in Sources */,
				AFE1E7442CFFE2AF0081B66E /* NotificationView.swift in Sources */,
				AF2374212D1A29EC008CB633 /* LocalLLMModel.swift in Sources */,
			);
			runOnlyForDeploymentPostprocessing = 0;
		};
/* End PBXSourcesBuildPhase section */

/* Begin XCBuildConfiguration section */
		AF8058132CFFDADD00FF6FFE /* Debug */ = {
			isa = XCBuildConfiguration;
			buildSettings = {
				ALWAYS_SEARCH_USER_PATHS = NO;
				ASSETCATALOG_COMPILER_GENERATE_SWIFT_ASSET_SYMBOL_EXTENSIONS = YES;
				CLANG_ANALYZER_NONNULL = YES;
				CLANG_ANALYZER_NUMBER_OBJECT_CONVERSION = YES_AGGRESSIVE;
				CLANG_CXX_LANGUAGE_STANDARD = "gnu++20";
				CLANG_ENABLE_MODULES = YES;
				CLANG_ENABLE_OBJC_ARC = YES;
				CLANG_ENABLE_OBJC_WEAK = YES;
				CLANG_WARN_BLOCK_CAPTURE_AUTORELEASING = YES;
				CLANG_WARN_BOOL_CONVERSION = YES;
				CLANG_WARN_COMMA = YES;
				CLANG_WARN_CONSTANT_CONVERSION = YES;
				CLANG_WARN_DEPRECATED_OBJC_IMPLEMENTATIONS = YES;
				CLANG_WARN_DIRECT_OBJC_ISA_USAGE = YES_ERROR;
				CLANG_WARN_DOCUMENTATION_COMMENTS = YES;
				CLANG_WARN_EMPTY_BODY = YES;
				CLANG_WARN_ENUM_CONVERSION = YES;
				CLANG_WARN_INFINITE_RECURSION = YES;
				CLANG_WARN_INT_CONVERSION = YES;
				CLANG_WARN_NON_LITERAL_NULL_CONVERSION = YES;
				CLANG_WARN_OBJC_IMPLICIT_RETAIN_SELF = YES;
				CLANG_WARN_OBJC_LITERAL_CONVERSION = YES;
				CLANG_WARN_OBJC_ROOT_CLASS = YES_ERROR;
				CLANG_WARN_QUOTED_INCLUDE_IN_FRAMEWORK_HEADER = YES;
				CLANG_WARN_RANGE_LOOP_ANALYSIS = YES;
				CLANG_WARN_STRICT_PROTOTYPES = YES;
				CLANG_WARN_SUSPICIOUS_MOVE = YES;
				CLANG_WARN_UNGUARDED_AVAILABILITY = YES_AGGRESSIVE;
				CLANG_WARN_UNREACHABLE_CODE = YES;
				CLANG_WARN__DUPLICATE_METHOD_MATCH = YES;
				COPY_PHASE_STRIP = NO;
				DEBUG_INFORMATION_FORMAT = dwarf;
				ENABLE_STRICT_OBJC_MSGSEND = YES;
				ENABLE_TESTABILITY = YES;
				ENABLE_USER_SCRIPT_SANDBOXING = YES;
				GCC_C_LANGUAGE_STANDARD = gnu17;
				GCC_DYNAMIC_NO_PIC = NO;
				GCC_NO_COMMON_BLOCKS = YES;
				GCC_OPTIMIZATION_LEVEL = 0;
				GCC_PREPROCESSOR_DEFINITIONS = (
					"DEBUG=1",
					"$(inherited)",
				);
				GCC_WARN_64_TO_32_BIT_CONVERSION = YES;
				GCC_WARN_ABOUT_RETURN_TYPE = YES_ERROR;
				GCC_WARN_UNDECLARED_SELECTOR = YES;
				GCC_WARN_UNINITIALIZED_AUTOS = YES_AGGRESSIVE;
				GCC_WARN_UNUSED_FUNCTION = YES;
				GCC_WARN_UNUSED_VARIABLE = YES;
				IPHONEOS_DEPLOYMENT_TARGET = 17.5;
				LOCALIZATION_PREFERS_STRING_CATALOGS = YES;
				MTL_ENABLE_DEBUG_INFO = INCLUDE_SOURCE;
				MTL_FAST_MATH = YES;
				ONLY_ACTIVE_ARCH = YES;
				SDKROOT = iphoneos;
				SWIFT_ACTIVE_COMPILATION_CONDITIONS = "DEBUG $(inherited)";
				SWIFT_OPTIMIZATION_LEVEL = "-Onone";
			};
			name = Debug;
		};
		AF8058142CFFDADD00FF6FFE /* Release */ = {
			isa = XCBuildConfiguration;
			buildSettings = {
				ALWAYS_SEARCH_USER_PATHS = NO;
				ASSETCATALOG_COMPILER_GENERATE_SWIFT_ASSET_SYMBOL_EXTENSIONS = YES;
				CLANG_ANALYZER_NONNULL = YES;
				CLANG_ANALYZER_NUMBER_OBJECT_CONVERSION = YES_AGGRESSIVE;
				CLANG_CXX_LANGUAGE_STANDARD = "gnu++20";
				CLANG_ENABLE_MODULES = YES;
				CLANG_ENABLE_OBJC_ARC = YES;
				CLANG_ENABLE_OBJC_WEAK = YES;
				CLANG_WARN_BLOCK_CAPTURE_AUTORELEASING = YES;
				CLANG_WARN_BOOL_CONVERSION = YES;
				CLANG_WARN_COMMA = YES;
				CLANG_WARN_CONSTANT_CONVERSION = YES;
				CLANG_WARN_DEPRECATED_OBJC_IMPLEMENTATIONS = YES;
				CLANG_WARN_DIRECT_OBJC_ISA_USAGE = YES_ERROR;
				CLANG_WARN_DOCUMENTATION_COMMENTS = YES;
				CLANG_WARN_EMPTY_BODY = YES;
				CLANG_WARN_ENUM_CONVERSION = YES;
				CLANG_WARN_INFINITE_RECURSION = YES;
				CLANG_WARN_INT_CONVERSION = YES;
				CLANG_WARN_NON_LITERAL_NULL_CONVERSION = YES;
				CLANG_WARN_OBJC_IMPLICIT_RETAIN_SELF = YES;
				CLANG_WARN_OBJC_LITERAL_CONVERSION = YES;
				CLANG_WARN_OBJC_ROOT_CLASS = YES_ERROR;
				CLANG_WARN_QUOTED_INCLUDE_IN_FRAMEWORK_HEADER = YES;
				CLANG_WARN_RANGE_LOOP_ANALYSIS = YES;
				CLANG_WARN_STRICT_PROTOTYPES = YES;
				CLANG_WARN_SUSPICIOUS_MOVE = YES;
				CLANG_WARN_UNGUARDED_AVAILABILITY = YES_AGGRESSIVE;
				CLANG_WARN_UNREACHABLE_CODE = YES;
				CLANG_WARN__DUPLICATE_METHOD_MATCH = YES;
				COPY_PHASE_STRIP = NO;
				DEBUG_INFORMATION_FORMAT = "dwarf-with-dsym";
				ENABLE_NS_ASSERTIONS = NO;
				ENABLE_STRICT_OBJC_MSGSEND = YES;
				ENABLE_USER_SCRIPT_SANDBOXING = YES;
				GCC_C_LANGUAGE_STANDARD = gnu17;
				GCC_NO_COMMON_BLOCKS = YES;
				GCC_WARN_64_TO_32_BIT_CONVERSION = YES;
				GCC_WARN_ABOUT_RETURN_TYPE = YES_ERROR;
				GCC_WARN_UNDECLARED_SELECTOR = YES;
				GCC_WARN_UNINITIALIZED_AUTOS = YES_AGGRESSIVE;
				GCC_WARN_UNUSED_FUNCTION = YES;
				GCC_WARN_UNUSED_VARIABLE = YES;
				IPHONEOS_DEPLOYMENT_TARGET = 17.5;
				LOCALIZATION_PREFERS_STRING_CATALOGS = YES;
				MTL_ENABLE_DEBUG_INFO = NO;
				MTL_FAST_MATH = YES;
				SDKROOT = iphoneos;
				SWIFT_COMPILATION_MODE = wholemodule;
				VALIDATE_PRODUCT = YES;
			};
			name = Release;
		};
		AF8058162CFFDADD00FF6FFE /* Debug */ = {
			isa = XCBuildConfiguration;
			buildSettings = {
				ASSETCATALOG_COMPILER_APPICON_NAME = AppIcon;
				ASSETCATALOG_COMPILER_GLOBAL_ACCENT_COLOR_NAME = AccentColor;
				ASSETCATALOG_COMPILER_INCLUDE_ALL_APPICON_ASSETS = YES;
				CODE_SIGN_ENTITLEMENTS = "With-OpenAI/With-OpenAI.entitlements";
				CODE_SIGN_IDENTITY = "Apple Development";
				CODE_SIGN_STYLE = Automatic;
				CURRENT_PROJECT_VERSION = 1;
				DEVELOPMENT_ASSET_PATHS = "";
				DEVELOPMENT_TEAM = LD578K3BS7;
				ENABLE_PREVIEWS = YES;
				GENERATE_INFOPLIST_FILE = YES;
				INFOPLIST_FILE = "With-OpenAI/Info.plist";
				INFOPLIST_KEY_CFBundleDisplayName = With;
				INFOPLIST_KEY_LSApplicationCategoryType = "public.app-category.lifestyle";
				INFOPLIST_KEY_UIApplicationSceneManifest_Generation = YES;
				INFOPLIST_KEY_UIApplicationSupportsIndirectInputEvents = YES;
				INFOPLIST_KEY_UILaunchScreen_Generation = YES;
				INFOPLIST_KEY_UISupportedInterfaceOrientations = UIInterfaceOrientationPortrait;
				INFOPLIST_KEY_UISupportedInterfaceOrientations_iPad = "UIInterfaceOrientationLandscapeLeft UIInterfaceOrientationLandscapeRight UIInterfaceOrientationPortrait UIInterfaceOrientationPortraitUpsideDown";
				IPHONEOS_DEPLOYMENT_TARGET = 17.0;
				LD_RUNPATH_SEARCH_PATHS = (
					"$(inherited)",
					"@executable_path/Frameworks",
				);
				MARKETING_VERSION = 1.2;
				PRODUCT_BUNDLE_IDENTIFIER = "ryofujimura.With-OpenAI";
				PRODUCT_NAME = "$(TARGET_NAME)";
				PROVISIONING_PROFILE_SPECIFIER = "";
				SUPPORTED_PLATFORMS = "iphoneos iphonesimulator";
				SUPPORTS_MACCATALYST = NO;
				SUPPORTS_MAC_DESIGNED_FOR_IPHONE_IPAD = NO;
				SUPPORTS_XR_DESIGNED_FOR_IPHONE_IPAD = NO;
				SWIFT_EMIT_LOC_STRINGS = YES;
				SWIFT_OBJC_INTEROP_MODE = objcxx;
				SWIFT_VERSION = 5.0;
				TARGETED_DEVICE_FAMILY = 1;
			};
			name = Debug;
		};
		AF8058172CFFDADD00FF6FFE /* Release */ = {
			isa = XCBuildConfiguration;
			buildSettings = {
				ASSETCATALOG_COMPILER_APPICON_NAME = AppIcon;
				ASSETCATALOG_COMPILER_GLOBAL_ACCENT_COLOR_NAME = AccentColor;
				ASSETCATALOG_COMPILER_INCLUDE_ALL_APPICON_ASSETS = YES;
				CODE_SIGN_ENTITLEMENTS = "With-OpenAI/With-OpenAI.entitlements";
				CODE_SIGN_IDENTITY = "Apple Development";
				CODE_SIGN_STYLE = Automatic;
				CURRENT_PROJECT_VERSION = 1;
				DEVELOPMENT_ASSET_PATHS = "";
				DEVELOPMENT_TEAM = LD578K3BS7;
				ENABLE_PREVIEWS = YES;
				GENERATE_INFOPLIST_FILE = YES;
				INFOPLIST_FILE = "With-OpenAI/Info.plist";
				INFOPLIST_KEY_CFBundleDisplayName = With;
				INFOPLIST_KEY_LSApplicationCategoryType = "public.app-category.lifestyle";
				INFOPLIST_KEY_UIApplicationSceneManifest_Generation = YES;
				INFOPLIST_KEY_UIApplicationSupportsIndirectInputEvents = YES;
				INFOPLIST_KEY_UILaunchScreen_Generation = YES;
				INFOPLIST_KEY_UISupportedInterfaceOrientations = UIInterfaceOrientationPortrait;
				INFOPLIST_KEY_UISupportedInterfaceOrientations_iPad = "UIInterfaceOrientationLandscapeLeft UIInterfaceOrientationLandscapeRight UIInterfaceOrientationPortrait UIInterfaceOrientationPortraitUpsideDown";
				IPHONEOS_DEPLOYMENT_TARGET = 17.0;
				LD_RUNPATH_SEARCH_PATHS = (
					"$(inherited)",
					"@executable_path/Frameworks",
				);
				MARKETING_VERSION = 1.2;
				PRODUCT_BUNDLE_IDENTIFIER = "ryofujimura.With-OpenAI";
				PRODUCT_NAME = "$(TARGET_NAME)";
				PROVISIONING_PROFILE_SPECIFIER = "";
				SUPPORTED_PLATFORMS = "iphoneos iphonesimulator";
				SUPPORTS_MACCATALYST = NO;
				SUPPORTS_MAC_DESIGNED_FOR_IPHONE_IPAD = NO;
				SUPPORTS_XR_DESIGNED_FOR_IPHONE_IPAD = NO;
				SWIFT_EMIT_LOC_STRINGS = YES;
				SWIFT_OBJC_INTEROP_MODE = objcxx;
				SWIFT_VERSION = 5.0;
				TARGETED_DEVICE_FAMILY = 1;
			};
			name = Release;
		};
/* End XCBuildConfiguration section */

/* Begin XCConfigurationList section */
		AF8058022CFFDADC00FF6FFE /* Build configuration list for PBXProject "With-OpenAI" */ = {
			isa = XCConfigurationList;
			buildConfigurations = (
				AF8058132CFFDADD00FF6FFE /* Debug */,
				AF8058142CFFDADD00FF6FFE /* Release */,
			);
			defaultConfigurationIsVisible = 0;
			defaultConfigurationName = Release;
		};
		AF8058152CFFDADD00FF6FFE /* Build configuration list for PBXNativeTarget "With-OpenAI" */ = {
			isa = XCConfigurationList;
			buildConfigurations = (
				AF8058162CFFDADD00FF6FFE /* Debug */,
				AF8058172CFFDADD00FF6FFE /* Release */,
			);
			defaultConfigurationIsVisible = 0;
			defaultConfigurationName = Release;
		};
/* End XCConfigurationList section */

/* Begin XCRemoteSwiftPackageReference section */
		AF2374242D1A2C3C008CB633 /* XCRemoteSwiftPackageReference "mlx-swift" */ = {
			isa = XCRemoteSwiftPackageReference;
			repositoryURL = "https://github.com/ml-explore/mlx-swift";
			requirement = {
				kind = upToNextMajorVersion;
				minimumVersion = 0.21.2;
			};
		};
		AF2374332D1B4DE8008CB633 /* XCRemoteSwiftPackageReference "mlx-swift-examples" */ = {
			isa = XCRemoteSwiftPackageReference;
			repositoryURL = "https://github.com/ml-explore/mlx-swift-examples/";
			requirement = {
				kind = upToNextMajorVersion;
				minimumVersion = 2.21.2;
			};
		};
		AFD8C9BA2D08F8EF00D1EB5E /* XCRemoteSwiftPackageReference "AIProxySwift" */ = {
			isa = XCRemoteSwiftPackageReference;
			repositoryURL = "https://github.com/lzell/AIProxySwift";
			requirement = {
				kind = upToNextMajorVersion;
				minimumVersion = 0.42.1;
			};
		};
		AFD8C9D72D090AC200D1EB5E /* XCRemoteSwiftPackageReference "llama" */ = {
			isa = XCRemoteSwiftPackageReference;
			repositoryURL = "https://github.com/StanfordBDHG/llama.cpp";
			requirement = {
				kind = upToNextMajorVersion;
				minimumVersion = 0.3.3;
			};
		};
		AFE1E73E2CFFDC730081B66E /* XCRemoteSwiftPackageReference "OpenAIKit" */ = {
			isa = XCRemoteSwiftPackageReference;
			repositoryURL = "https://github.com/OpenDive/OpenAIKit.git";
			requirement = {
				kind = upToNextMajorVersion;
				minimumVersion = 2.0.1;
			};
		};
/* End XCRemoteSwiftPackageReference section */

/* Begin XCSwiftPackageProductDependency section */
		AF2374182D19CE9A008CB633 /* AIProxy */ = {
			isa = XCSwiftPackageProductDependency;
			package = AFD8C9BA2D08F8EF00D1EB5E /* XCRemoteSwiftPackageReference "AIProxySwift" */;
			productName = AIProxy;
		};
		AF23741A2D19CE9D008CB633 /* llama */ = {
			isa = XCSwiftPackageProductDependency;
			package = AFD8C9D72D090AC200D1EB5E /* XCRemoteSwiftPackageReference "llama" */;
			productName = llama;
		};
		AF2374252D1A2C48008CB633 /* MLX */ = {
			isa = XCSwiftPackageProductDependency;
			package = AF2374242D1A2C3C008CB633 /* XCRemoteSwiftPackageReference "mlx-swift" */;
			productName = MLX;
		};
		AF2374272D1A2E05008CB633 /* MLXFast */ = {
			isa = XCSwiftPackageProductDependency;
			package = AF2374242D1A2C3C008CB633 /* XCRemoteSwiftPackageReference "mlx-swift" */;
			productName = MLXFast;
		};
		AF2374292D1A2E05008CB633 /* MLXFFT */ = {
			isa = XCSwiftPackageProductDependency;
			package = AF2374242D1A2C3C008CB633 /* XCRemoteSwiftPackageReference "mlx-swift" */;
			productName = MLXFFT;
		};
		AF23742B2D1A2E05008CB633 /* MLXLinalg */ = {
			isa = XCSwiftPackageProductDependency;
			package = AF2374242D1A2C3C008CB633 /* XCRemoteSwiftPackageReference "mlx-swift" */;
			productName = MLXLinalg;
		};
		AF23742D2D1A2E05008CB633 /* MLXNN */ = {
			isa = XCSwiftPackageProductDependency;
			package = AF2374242D1A2C3C008CB633 /* XCRemoteSwiftPackageReference "mlx-swift" */;
			productName = MLXNN;
		};
		AF23742F2D1A2E05008CB633 /* MLXOptimizers */ = {
			isa = XCSwiftPackageProductDependency;
			package = AF2374242D1A2C3C008CB633 /* XCRemoteSwiftPackageReference "mlx-swift" */;
			productName = MLXOptimizers;
		};
		AF2374312D1A2E05008CB633 /* MLXRandom */ = {
			isa = XCSwiftPackageProductDependency;
			package = AF2374242D1A2C3C008CB633 /* XCRemoteSwiftPackageReference "mlx-swift" */;
			productName = MLXRandom;
		};
		AF2374342D1B4E28008CB633 /* MLXLLM */ = {
			isa = XCSwiftPackageProductDependency;
			package = AF2374332D1B4DE8008CB633 /* XCRemoteSwiftPackageReference "mlx-swift-examples" */;
			productName = MLXLLM;
		};
		AF2374362D1B4E28008CB633 /* MLXLMCommon */ = {
			isa = XCSwiftPackageProductDependency;
			package = AF2374332D1B4DE8008CB633 /* XCRemoteSwiftPackageReference "mlx-swift-examples" */;
			productName = MLXLMCommon;
		};
		AF2374382D1B4E28008CB633 /* MLXMNIST */ = {
			isa = XCSwiftPackageProductDependency;
			package = AF2374332D1B4DE8008CB633 /* XCRemoteSwiftPackageReference "mlx-swift-examples" */;
			productName = MLXMNIST;
		};
		AF23743A2D1B4E28008CB633 /* MLXVLM */ = {
			isa = XCSwiftPackageProductDependency;
			package = AF2374332D1B4DE8008CB633 /* XCRemoteSwiftPackageReference "mlx-swift-examples" */;
			productName = MLXVLM;
		};
		AF23743C2D1B4E28008CB633 /* StableDiffusion */ = {
			isa = XCSwiftPackageProductDependency;
			package = AF2374332D1B4DE8008CB633 /* XCRemoteSwiftPackageReference "mlx-swift-examples" */;
			productName = StableDiffusion;
		};
		AFE1E73F2CFFDC730081B66E /* OpenAIKit */ = {
			isa = XCSwiftPackageProductDependency;
			package = AFE1E73E2CFFDC730081B66E /* XCRemoteSwiftPackageReference "OpenAIKit" */;
			productName = OpenAIKit;
		};
/* End XCSwiftPackageProductDependency section */
	};
	rootObject = AF8057FF2CFFDADC00FF6FFE /* Project object */;
}
