{
  "originHash" : "587b6676e25f9a2761d67f1dca37806140b8905920a1fb32d18b44622615a05a",
  "pins" : [
    {
      "identity" : "aiproxyswift",
      "kind" : "remoteSourceControl",
      "location" : "https://github.com/lzell/AIProxySwift",
      "state" : {
        "revision" : "f27b9ca2ddab55158b003e992dd4d6b7ab323291",
        "version" : "0.45.0"
      }
    },
    {
      "identity" : "openaikit",
      "kind" : "remoteSourceControl",
      "location" : "https://github.com/OpenDive/OpenAIKit.git",
      "state" : {
        "revision" : "1ae438e665433273474d330a74241a1c55742a79",
        "version" : "2.0.1"
      }
    }
  ],
  "version" : 3
}
