{
  "originHash" : "e605cbe1e405e4a195bbc3d333f552a08f0aab0392023a5e4507a9f140bb6286",
  "pins" : [
    {
      "identity" : "aiproxyswift",
      "kind" : "remoteSourceControl",
      "location" : "https://github.com/lzell/AIProxySwift",
      "state" : {
        "revision" : "f27b9ca2ddab55158b003e992dd4d6b7ab323291",
        "version" : "0.45.0"
      }
    },
    {
      "identity" : "llama.cpp",
      "kind" : "remoteSourceControl",
      "location" : "https://github.com/StanfordBDHG/llama.cpp",
      "state" : {
        "revision" : "6839853a321778906e210a33ee2c6aec52f34c97",
        "version" : "0.3.3"
      }
    },
    {
      "identity" : "openaikit",
      "kind" : "remoteSourceControl",
      "location" : "https://github.com/OpenDive/OpenAIKit.git",
      "state" : {
        "revision" : "1ae438e665433273474d330a74241a1c55742a79",
        "version" : "2.0.1"
      }
    }
  ],
  "version" : 3
}
