// !$*UTF8*$!
{
	archiveVersion = 1;
	classes = {
	};
	objectVersion = 60;
	objects = {

/* Begin PBXBuildFile section */
		AF2D3D552E355A9100E81139 /* NeomorphicText.swift in Sources */ = {isa = PBXBuildFile; fileRef = AF2D3D542E355A9100E81139 /* NeomorphicText.swift */; };
		AF2D3D572E355BF900E81139 /* EmojiBurstView.swift in Sources */ = {isa = PBXBuildFile; fileRef = AF2D3D562E355BF900E81139 /* EmojiBurstView.swift */; };
		AF2D3D5D2E35637F00E81139 /* SettingsView.swift in Sources */ = {isa = PBXBuildFile; fileRef = AF2D3D5C2E35637F00E81139 /* SettingsView.swift */; };
		AF3503462E3558F500762FB7 /* With_OpenAIApp.swift in Sources */ = {isa = PBXBuildFile; fileRef = AF3503452E3558F500762FB7 /* With_OpenAIApp.swift */; };
		AF3503482E3558F500762FB7 /* LaunchScreenView.swift in Sources */ = {isa = PBXBuildFile; fileRef = AF3503432E3558F500762FB7 /* LaunchScreenView.swift */; };
		AF3503492E3558F500762FB7 /* MainView.swift in Sources */ = {isa = PBXBuildFile; fileRef = AF3503442E3558F500762FB7 /* MainView.swift */; };
		AF3845F12E3559CF001F3314 /* ContentView.swift in Sources */ = {isa = PBXBuildFile; fileRef = AF3845EC2E3559CF001F3314 /* ContentView.swift */; };
		AF3845F32E3559CF001F3314 /* NeomorphicButton.swift in Sources */ = {isa = PBXBuildFile; fileRef = AF3845EF2E3559CF001F3314 /* NeomorphicButton.swift */; };
		AF4DB9172E3FF2B80005856B /* Llama-3.2-3B-Instruct-Q4-KM.gguf in Resources */ = {isa = PBXBuildFile; fileRef = AF4DB9152E3FF2B80005856B /* Llama-3.2-3B-Instruct-Q4-KM.gguf */; };
		AF4DB9182E3FF2B80005856B /* TinyLlama-1.1B-Chat-v1.0.Q4_K_M.gguf in Resources */ = {isa = PBXBuildFile; fileRef = AF4DB9162E3FF2B80005856B /* TinyLlama-1.1B-Chat-v1.0.Q4_K_M.gguf */; };
		AF6E0B1F2E356F0D005148D8 /* llmfarm_core in Frameworks */ = {isa = PBXBuildFile; productRef = AF6E0B1E2E356F0D005148D8 /* llmfarm_core */; };
		AF80580F2CFFDADD00FF6FFE /* Assets.xcassets in Resources */ = {isa = PBXBuildFile; fileRef = AF80580E2CFFDADD00FF6FFE /* Assets.xcassets */; };
		AF8058122CFFDADD00FF6FFE /* Preview Assets.xcassets in Resources */ = {isa = PBXBuildFile; fileRef = AF8058112CFFDADD00FF6FFE /* Preview Assets.xcassets */; };
		AFF770D02E356F66003A9D76 /* llmfarm_core in Frameworks */ = {isa = PBXBuildFile; productRef = AFF770CF2E356F66003A9D76 /* llmfarm_core */; };
		AFF770D82E3572DF003A9D76 /* AIService.swift in Sources */ = {isa = PBXBuildFile; fileRef = AFF770D72E3572DF003A9D76 /* AIService.swift */; };
/* End PBXBuildFile section */

/* Begin PBXFileReference section */
		AF2D3D542E355A9100E81139 /* NeomorphicText.swift */ = {isa = PBXFileReference; lastKnownFileType = sourcecode.swift; path = NeomorphicText.swift; sourceTree = "<group>"; };
		AF2D3D562E355BF900E81139 /* EmojiBurstView.swift */ = {isa = PBXFileReference; lastKnownFileType = sourcecode.swift; path = EmojiBurstView.swift; sourceTree = "<group>"; };
		AF2D3D5C2E35637F00E81139 /* SettingsView.swift */ = {isa = PBXFileReference; lastKnownFileType = sourcecode.swift; path = SettingsView.swift; sourceTree = "<group>"; };
		AF3503422E3558F500762FB7 /* ContentView.swift */ = {isa = PBXFileReference; lastKnownFileType = sourcecode.swift; path = ContentView.swift; sourceTree = "<group>"; };
		AF3503432E3558F500762FB7 /* LaunchScreenView.swift */ = {isa = PBXFileReference; lastKnownFileType = sourcecode.swift; path = LaunchScreenView.swift; sourceTree = "<group>"; };
		AF3503442E3558F500762FB7 /* MainView.swift */ = {isa = PBXFileReference; lastKnownFileType = sourcecode.swift; path = MainView.swift; sourceTree = "<group>"; };
		AF3503452E3558F500762FB7 /* With_OpenAIApp.swift */ = {isa = PBXFileReference; lastKnownFileType = sourcecode.swift; path = With_OpenAIApp.swift; sourceTree = "<group>"; };
		AF3845EC2E3559CF001F3314 /* ContentView.swift */ = {isa = PBXFileReference; lastKnownFileType = sourcecode.swift; path = ContentView.swift; sourceTree = "<group>"; };
		AF3845EF2E3559CF001F3314 /* NeomorphicButton.swift */ = {isa = PBXFileReference; lastKnownFileType = sourcecode.swift; path = NeomorphicButton.swift; sourceTree = "<group>"; };
		AF4DB9152E3FF2B80005856B /* Llama-3.2-3B-Instruct-Q4-KM.gguf */ = {isa = PBXFileReference; lastKnownFileType = file; path = "Llama-3.2-3B-Instruct-Q4-KM.gguf"; sourceTree = "<group>"; };
		AF4DB9162E3FF2B80005856B /* TinyLlama-1.1B-Chat-v1.0.Q4_K_M.gguf */ = {isa = PBXFileReference; lastKnownFileType = file; path = "TinyLlama-1.1B-Chat-v1.0.Q4_K_M.gguf"; sourceTree = "<group>"; };
		AF8058072CFFDADC00FF6FFE /* With.app */ = {isa = PBXFileReference; explicitFileType = wrapper.application; includeInIndex = 0; path = With.app; sourceTree = BUILT_PRODUCTS_DIR; };
		AF80580E2CFFDADD00FF6FFE /* Assets.xcassets */ = {isa = PBXFileReference; lastKnownFileType = folder.assetcatalog; path = Assets.xcassets; sourceTree = "<group>"; };
		AF8058112CFFDADD00FF6FFE /* Preview Assets.xcassets */ = {isa = PBXFileReference; lastKnownFileType = folder.assetcatalog; path = "Preview Assets.xcassets"; sourceTree = "<group>"; };
		AFF770D72E3572DF003A9D76 /* AIService.swift */ = {isa = PBXFileReference; lastKnownFileType = sourcecode.swift; path = AIService.swift; sourceTree = "<group>"; };
/* End PBXFileReference section */

/* Begin PBXFrameworksBuildPhase section */
		AF8058042CFFDADC00FF6FFE /* Frameworks */ = {
			isa = PBXFrameworksBuildPhase;
			buildActionMask = 2147483647;
			files = (
				AF6E0B1F2E356F0D005148D8 /* llmfarm_core in Frameworks */,
				AFF770D02E356F66003A9D76 /* llmfarm_core in Frameworks */,
			);
			runOnlyForDeploymentPostprocessing = 0;
		};
/* End PBXFrameworksBuildPhase section */

/* Begin PBXGroup section */
		AF8057FE2CFFDADC00FF6FFE = {
			isa = PBXGroup;
			children = (
				AF8058092CFFDADC00FF6FFE /* With-OpenAI */,
				AF8058082CFFDADC00FF6FFE /* Products */,
			);
			sourceTree = "<group>";
		};
		AF8058082CFFDADC00FF6FFE /* Products */ = {
			isa = PBXGroup;
			children = (
				AF8058072CFFDADC00FF6FFE /* With.app */,
			);
			name = Products;
			sourceTree = "<group>";
		};
		AF8058092CFFDADC00FF6FFE /* With-OpenAI */ = {
			isa = PBXGroup;
			children = (
				AF3503422E3558F500762FB7 /* ContentView.swift */,
				AF3503432E3558F500762FB7 /* LaunchScreenView.swift */,
				AF3503442E3558F500762FB7 /* MainView.swift */,
				AF3845EC2E3559CF001F3314 /* ContentView.swift */,
				AF3845EF2E3559CF001F3314 /* NeomorphicButton.swift */,
				AF2D3D5C2E35637F00E81139 /* SettingsView.swift */,
				AFF770D72E3572DF003A9D76 /* AIService.swift */,
				AF2D3D542E355A9100E81139 /* NeomorphicText.swift */,
				AF2D3D562E355BF900E81139 /* EmojiBurstView.swift */,
				AF3503452E3558F500762FB7 /* With_OpenAIApp.swift */,
				AF4DB9152E3FF2B80005856B /* Llama-3.2-3B-Instruct-Q4-KM.gguf */,
				AF4DB9162E3FF2B80005856B /* TinyLlama-1.1B-Chat-v1.0.Q4_K_M.gguf */,
				AF80580E2CFFDADD00FF6FFE /* Assets.xcassets */,
				AF8058102CFFDADD00FF6FFE /* Preview Content */,
			);
			path = "With-OpenAI";
			sourceTree = "<group>";
		};
		AF8058102CFFDADD00FF6FFE /* Preview Content */ = {
			isa = PBXGroup;
			children = (
				AF8058112CFFDADD00FF6FFE /* Preview Assets.xcassets */,
			);
			path = "Preview Content";
			sourceTree = "<group>";
		};
/* End PBXGroup section */

/* Begin PBXNativeTarget section */
		AF8058062CFFDADC00FF6FFE /* With */ = {
			isa = PBXNativeTarget;
			buildConfigurationList = AF8058152CFFDADD00FF6FFE /* Build configuration list for PBXNativeTarget "With" */;
			buildPhases = (
				AF8058032CFFDADC00FF6FFE /* Sources */,
				AF8058042CFFDADC00FF6FFE /* Frameworks */,
				AF8058052CFFDADC00FF6FFE /* Resources */,
			);
			buildRules = (
			);
			dependencies = (
			);
			name = With;
			productName = "With-OpenAI";
			productReference = AF8058072CFFDADC00FF6FFE /* With.app */;
			productType = "com.apple.product-type.application";
		};
/* End PBXNativeTarget section */

/* Begin PBXProject section */
		AF8057FF2CFFDADC00FF6FFE /* Project object */ = {
			isa = PBXProject;
			attributes = {
				BuildIndependentTargetsInParallel = 1;
				LastSwiftUpdateCheck = 1540;
				LastUpgradeCheck = 1640;
				TargetAttributes = {
					AF8058062CFFDADC00FF6FFE = {
						CreatedOnToolsVersion = 15.4;
					};
				};
			};
			buildConfigurationList = AF8058022CFFDADC00FF6FFE /* Build configuration list for PBXProject "With" */;
			compatibilityVersion = "Xcode 14.0";
			developmentRegion = en;
			hasScannedForEncodings = 0;
			knownRegions = (
				en,
				Base,
			);
			mainGroup = AF8057FE2CFFDADC00FF6FFE;
			packageReferences = (
				AF2D3D5E2E35670000E81139 /* XCLocalSwiftPackageReference "LocalPackages/llmfarm_core_fixed" */,
			);
			productRefGroup = AF8058082CFFDADC00FF6FFE /* Products */;
			projectDirPath = "";
			projectRoot = "";
			targets = (
				AF8058062CFFDADC00FF6FFE /* With */,
			);
		};
/* End PBXProject section */

/* Begin PBXResourcesBuildPhase section */
		AF8058052CFFDADC00FF6FFE /* Resources */ = {
			isa = PBXResourcesBuildPhase;
			buildActionMask = 2147483647;
			files = (
				AF8058122CFFDADD00FF6FFE /* Preview Assets.xcassets in Resources */,
				AF4DB9172E3FF2B80005856B /* Llama-3.2-3B-Instruct-Q4-KM.gguf in Resources */,
				AF4DB9182E3FF2B80005856B /* TinyLlama-1.1B-Chat-v1.0.Q4_K_M.gguf in Resources */,
				AF80580F2CFFDADD00FF6FFE /* Assets.xcassets in Resources */,
			);
			runOnlyForDeploymentPostprocessing = 0;
		};
/* End PBXResourcesBuildPhase section */

/* Begin PBXSourcesBuildPhase section */
		AF8058032CFFDADC00FF6FFE /* Sources */ = {
			isa = PBXSourcesBuildPhase;
			buildActionMask = 2147483647;
			files = (
				AF3503462E3558F500762FB7 /* With_OpenAIApp.swift in Sources */,
				AFF770D82E3572DF003A9D76 /* AIService.swift in Sources */,
				AF2D3D5D2E35637F00E81139 /* SettingsView.swift in Sources */,
				AF2D3D552E355A9100E81139 /* NeomorphicText.swift in Sources */,
				AF3845F12E3559CF001F3314 /* ContentView.swift in Sources */,
				AF3845F32E3559CF001F3314 /* NeomorphicButton.swift in Sources */,
				AF3503482E3558F500762FB7 /* LaunchScreenView.swift in Sources */,
				AF2D3D572E355BF900E81139 /* EmojiBurstView.swift in Sources */,
				AF3503492E3558F500762FB7 /* MainView.swift in Sources */,
			);
			runOnlyForDeploymentPostprocessing = 0;
		};
/* End PBXSourcesBuildPhase section */

/* Begin XCBuildConfiguration section */
		AF8058132CFFDADD00FF6FFE /* Debug */ = {
			isa = XCBuildConfiguration;
			buildSettings = {
				ALWAYS_SEARCH_USER_PATHS = NO;
				ASSETCATALOG_COMPILER_GENERATE_SWIFT_ASSET_SYMBOL_EXTENSIONS = YES;
				CLANG_ANALYZER_NONNULL = YES;
				CLANG_ANALYZER_NUMBER_OBJECT_CONVERSION = YES_AGGRESSIVE;
				CLANG_CXX_LANGUAGE_STANDARD = "gnu++20";
				CLANG_ENABLE_MODULES = YES;
				CLANG_ENABLE_OBJC_ARC = YES;
				CLANG_ENABLE_OBJC_WEAK = YES;
				CLANG_WARN_BLOCK_CAPTURE_AUTORELEASING = YES;
				CLANG_WARN_BOOL_CONVERSION = YES;
				CLANG_WARN_COMMA = YES;
				CLANG_WARN_CONSTANT_CONVERSION = YES;
				CLANG_WARN_DEPRECATED_OBJC_IMPLEMENTATIONS = YES;
				CLANG_WARN_DIRECT_OBJC_ISA_USAGE = YES_ERROR;
				CLANG_WARN_DOCUMENTATION_COMMENTS = YES;
				CLANG_WARN_EMPTY_BODY = YES;
				CLANG_WARN_ENUM_CONVERSION = YES;
				CLANG_WARN_INFINITE_RECURSION = YES;
				CLANG_WARN_INT_CONVERSION = YES;
				CLANG_WARN_NON_LITERAL_NULL_CONVERSION = YES;
				CLANG_WARN_OBJC_IMPLICIT_RETAIN_SELF = YES;
				CLANG_WARN_OBJC_LITERAL_CONVERSION = YES;
				CLANG_WARN_OBJC_ROOT_CLASS = YES_ERROR;
				CLANG_WARN_QUOTED_INCLUDE_IN_FRAMEWORK_HEADER = YES;
				CLANG_WARN_RANGE_LOOP_ANALYSIS = YES;
				CLANG_WARN_STRICT_PROTOTYPES = YES;
				CLANG_WARN_SUSPICIOUS_MOVE = YES;
				CLANG_WARN_UNGUARDED_AVAILABILITY = YES_AGGRESSIVE;
				CLANG_WARN_UNREACHABLE_CODE = YES;
				CLANG_WARN__DUPLICATE_METHOD_MATCH = YES;
				COPY_PHASE_STRIP = NO;
				DEBUG_INFORMATION_FORMAT = dwarf;
				DEVELOPMENT_TEAM = LD578K3BS7;
				ENABLE_STRICT_OBJC_MSGSEND = YES;
				ENABLE_TESTABILITY = YES;
				ENABLE_USER_SCRIPT_SANDBOXING = YES;
				GCC_C_LANGUAGE_STANDARD = gnu17;
				GCC_DYNAMIC_NO_PIC = NO;
				GCC_NO_COMMON_BLOCKS = YES;
				GCC_OPTIMIZATION_LEVEL = 0;
				GCC_PREPROCESSOR_DEFINITIONS = (
					"DEBUG=1",
					"$(inherited)",
				);
				GCC_WARN_64_TO_32_BIT_CONVERSION = YES;
				GCC_WARN_ABOUT_RETURN_TYPE = YES_ERROR;
				GCC_WARN_UNDECLARED_SELECTOR = YES;
				GCC_WARN_UNINITIALIZED_AUTOS = YES_AGGRESSIVE;
				GCC_WARN_UNUSED_FUNCTION = YES;
				GCC_WARN_UNUSED_VARIABLE = YES;
				IPHONEOS_DEPLOYMENT_TARGET = 17.5;
				LOCALIZATION_PREFERS_STRING_CATALOGS = YES;
				MTL_ENABLE_DEBUG_INFO = INCLUDE_SOURCE;
				MTL_FAST_MATH = YES;
				ONLY_ACTIVE_ARCH = YES;
				SDKROOT = iphoneos;
				SWIFT_ACTIVE_COMPILATION_CONDITIONS = "DEBUG $(inherited)";
				SWIFT_OPTIMIZATION_LEVEL = "-Onone";
			};
			name = Debug;
		};
		AF8058142CFFDADD00FF6FFE /* Release */ = {
			isa = XCBuildConfiguration;
			buildSettings = {
				ALWAYS_SEARCH_USER_PATHS = NO;
				ASSETCATALOG_COMPILER_GENERATE_SWIFT_ASSET_SYMBOL_EXTENSIONS = YES;
				CLANG_ANALYZER_NONNULL = YES;
				CLANG_ANALYZER_NUMBER_OBJECT_CONVERSION = YES_AGGRESSIVE;
				CLANG_CXX_LANGUAGE_STANDARD = "gnu++20";
				CLANG_ENABLE_MODULES = YES;
				CLANG_ENABLE_OBJC_ARC = YES;
				CLANG_ENABLE_OBJC_WEAK = YES;
				CLANG_WARN_BLOCK_CAPTURE_AUTORELEASING = YES;
				CLANG_WARN_BOOL_CONVERSION = YES;
				CLANG_WARN_COMMA = YES;
				CLANG_WARN_CONSTANT_CONVERSION = YES;
				CLANG_WARN_DEPRECATED_OBJC_IMPLEMENTATIONS = YES;
				CLANG_WARN_DIRECT_OBJC_ISA_USAGE = YES_ERROR;
				CLANG_WARN_DOCUMENTATION_COMMENTS = YES;
				CLANG_WARN_EMPTY_BODY = YES;
				CLANG_WARN_ENUM_CONVERSION = YES;
				CLANG_WARN_INFINITE_RECURSION = YES;
				CLANG_WARN_INT_CONVERSION = YES;
				CLANG_WARN_NON_LITERAL_NULL_CONVERSION = YES;
				CLANG_WARN_OBJC_IMPLICIT_RETAIN_SELF = YES;
				CLANG_WARN_OBJC_LITERAL_CONVERSION = YES;
				CLANG_WARN_OBJC_ROOT_CLASS = YES_ERROR;
				CLANG_WARN_QUOTED_INCLUDE_IN_FRAMEWORK_HEADER = YES;
				CLANG_WARN_RANGE_LOOP_ANALYSIS = YES;
				CLANG_WARN_STRICT_PROTOTYPES = YES;
				CLANG_WARN_SUSPICIOUS_MOVE = YES;
				CLANG_WARN_UNGUARDED_AVAILABILITY = YES_AGGRESSIVE;
				CLANG_WARN_UNREACHABLE_CODE = YES;
				CLANG_WARN__DUPLICATE_METHOD_MATCH = YES;
				COPY_PHASE_STRIP = NO;
				DEBUG_INFORMATION_FORMAT = "dwarf-with-dsym";
				DEVELOPMENT_TEAM = LD578K3BS7;
				ENABLE_NS_ASSERTIONS = NO;
				ENABLE_STRICT_OBJC_MSGSEND = YES;
				ENABLE_USER_SCRIPT_SANDBOXING = YES;
				GCC_C_LANGUAGE_STANDARD = gnu17;
				GCC_NO_COMMON_BLOCKS = YES;
				GCC_WARN_64_TO_32_BIT_CONVERSION = YES;
				GCC_WARN_ABOUT_RETURN_TYPE = YES_ERROR;
				GCC_WARN_UNDECLARED_SELECTOR = YES;
				GCC_WARN_UNINITIALIZED_AUTOS = YES_AGGRESSIVE;
				GCC_WARN_UNUSED_FUNCTION = YES;
				GCC_WARN_UNUSED_VARIABLE = YES;
				IPHONEOS_DEPLOYMENT_TARGET = 17.5;
				LOCALIZATION_PREFERS_STRING_CATALOGS = YES;
				MTL_ENABLE_DEBUG_INFO = NO;
				MTL_FAST_MATH = YES;
				SDKROOT = iphoneos;
				SWIFT_COMPILATION_MODE = wholemodule;
				VALIDATE_PRODUCT = YES;
			};
			name = Release;
		};
		AF8058162CFFDADD00FF6FFE /* Debug */ = {
			isa = XCBuildConfiguration;
			buildSettings = {
				ASSETCATALOG_COMPILER_APPICON_NAME = AppIcon;
				ASSETCATALOG_COMPILER_GLOBAL_ACCENT_COLOR_NAME = AccentColor;
				CODE_SIGN_STYLE = Automatic;
				CURRENT_PROJECT_VERSION = 1;
				DEVELOPMENT_ASSET_PATHS = "\"With-OpenAI/Preview Content\"";
				ENABLE_PREVIEWS = YES;
				GENERATE_INFOPLIST_FILE = YES;
				INFOPLIST_KEY_UIApplicationSceneManifest_Generation = YES;
				INFOPLIST_KEY_UIApplicationSupportsIndirectInputEvents = YES;
				INFOPLIST_KEY_UILaunchScreen_Generation = YES;
				INFOPLIST_KEY_UISupportedInterfaceOrientations = UIInterfaceOrientationPortrait;
				INFOPLIST_KEY_UISupportedInterfaceOrientations_iPad = "UIInterfaceOrientationLandscapeLeft UIInterfaceOrientationLandscapeRight UIInterfaceOrientationPortrait UIInterfaceOrientationPortraitUpsideDown";
				IPHONEOS_DEPLOYMENT_TARGET = 17.6;
				LD_RUNPATH_SEARCH_PATHS = (
					"$(inherited)",
					"@executable_path/Frameworks",
				);
				MARKETING_VERSION = 1.0;
				PRODUCT_BUNDLE_IDENTIFIER = "ryofujimura.With-OpenAI";
				PRODUCT_NAME = "$(TARGET_NAME)";
				SWIFT_EMIT_LOC_STRINGS = YES;
				SWIFT_VERSION = 5.0;
				TARGETED_DEVICE_FAMILY = "1,2";
			};
			name = Debug;
		};
		AF8058172CFFDADD00FF6FFE /* Release */ = {
			isa = XCBuildConfiguration;
			buildSettings = {
				ASSETCATALOG_COMPILER_APPICON_NAME = AppIcon;
				ASSETCATALOG_COMPILER_GLOBAL_ACCENT_COLOR_NAME = AccentColor;
				CODE_SIGN_STYLE = Automatic;
				CURRENT_PROJECT_VERSION = 1;
				DEVELOPMENT_ASSET_PATHS = "\"With-OpenAI/Preview Content\"";
				ENABLE_PREVIEWS = YES;
				GENERATE_INFOPLIST_FILE = YES;
				INFOPLIST_KEY_UIApplicationSceneManifest_Generation = YES;
				INFOPLIST_KEY_UIApplicationSupportsIndirectInputEvents = YES;
				INFOPLIST_KEY_UILaunchScreen_Generation = YES;
				INFOPLIST_KEY_UISupportedInterfaceOrientations = UIInterfaceOrientationPortrait;
				INFOPLIST_KEY_UISupportedInterfaceOrientations_iPad = "UIInterfaceOrientationLandscapeLeft UIInterfaceOrientationLandscapeRight UIInterfaceOrientationPortrait UIInterfaceOrientationPortraitUpsideDown";
				IPHONEOS_DEPLOYMENT_TARGET = 17.6;
				LD_RUNPATH_SEARCH_PATHS = (
					"$(inherited)",
					"@executable_path/Frameworks",
				);
				MARKETING_VERSION = 1.0;
				PRODUCT_BUNDLE_IDENTIFIER = "ryofujimura.With-OpenAI";
				PRODUCT_NAME = "$(TARGET_NAME)";
				SWIFT_EMIT_LOC_STRINGS = YES;
				SWIFT_VERSION = 5.0;
				TARGETED_DEVICE_FAMILY = "1,2";
			};
			name = Release;
		};
/* End XCBuildConfiguration section */

/* Begin XCConfigurationList section */
		AF8058022CFFDADC00FF6FFE /* Build configuration list for PBXProject "With" */ = {
			isa = XCConfigurationList;
			buildConfigurations = (
				AF8058132CFFDADD00FF6FFE /* Debug */,
				AF8058142CFFDADD00FF6FFE /* Release */,
			);
			defaultConfigurationIsVisible = 0;
			defaultConfigurationName = Release;
		};
		AF8058152CFFDADD00FF6FFE /* Build configuration list for PBXNativeTarget "With" */ = {
			isa = XCConfigurationList;
			buildConfigurations = (
				AF8058162CFFDADD00FF6FFE /* Debug */,
				AF8058172CFFDADD00FF6FFE /* Release */,
			);
			defaultConfigurationIsVisible = 0;
			defaultConfigurationName = Release;
		};
/* End XCConfigurationList section */

/* Begin XCLocalSwiftPackageReference section */
		AF2D3D5E2E35670000E81139 /* XCLocalSwiftPackageReference "LocalPackages/llmfarm_core_fixed" */ = {
			isa = XCLocalSwiftPackageReference;
			relativePath = LocalPackages/llmfarm_core_fixed;
		};
/* End XCLocalSwiftPackageReference section */

/* Begin XCSwiftPackageProductDependency section */
		AF6E0B1E2E356F0D005148D8 /* llmfarm_core */ = {
			isa = XCSwiftPackageProductDependency;
			package = AF2D3D5E2E35670000E81139 /* XCLocalSwiftPackageReference "LocalPackages/llmfarm_core_fixed" */;
			productName = llmfarm_core;
		};
		AFF770CF2E356F66003A9D76 /* llmfarm_core */ = {
			isa = XCSwiftPackageProductDependency;
			package = AF2D3D5E2E35670000E81139 /* XCLocalSwiftPackageReference "LocalPackages/llmfarm_core_fixed" */;
			productName = llmfarm_core;
		};
/* End XCSwiftPackageProductDependency section */
	};
	rootObject = AF8057FF2CFFDADC00FF6FFE /* Project object */;
}
